{
  "name": "electrocraft-m00-5-query-portable",
  "version": "0.0.0",
  "lockfileVersion": 3,
  "requires": true,
  "packages": {
    "": {
      "name": "electrocraft-m00-5-query-portable",
      "version": "0.0.0",
      "dependencies": {
        "@electric-sql/pglite": "0.5.5",
        "@react-querybuilder/core": "8.23.0"
      },
      "engines": {
        "node": ">=22"
      }
    },
    "node_modules/@electric-sql/pglite": {
      "version": "0.5.5",
      "resolved": "https://registry.npmjs.org/@electric-sql/pglite/-/pglite-0.5.5.tgz",
      "integrity": "sha512-QeZ+oB7QaU4EJj2awrB8hwFZ5TXxLRBQ9Gfq0dQauYDdWsRtuWRCERgtri35vRfL07KQHlVlc/4Qxvn7a5AXeA==",
      "license": "Apache-2.0"
    },
    "node_modules/@react-querybuilder/core": {
      "version": "8.23.0",
      "resolved": "https://registry.npmjs.org/@react-querybuilder/core/-/core-8.23.0.tgz",
      "integrity": "sha512-5EHBNwC31K0E4LJE2vea7s7bHnlRnYShH3ceSF4ZMcW5pnfcByfJA6JHymT1bh67l+n7iYq5n2gXtJuCZMLDSw==",
      "license": "MIT",
      "dependencies": {
        "@ts-jison/lexer": "0.4.1-alpha.1",
        "@ts-jison/parser": "0.4.1-alpha.1",
        "@types/json-logic-js": ">=2",
        "immer": "^11.1.16",
        "numeric-quantity": "^3.2.2"
      },
      "peerDependencies": {
        "@tanstack/db": ">=0.6.9",
        "@traqula/parser-sparql-1-2": ">=0.1.0",
        "chevrotain": ">=11",
        "drizzle-orm": ">=0.38.0",
        "json-logic-js": ">=2",
        "jsonata": ">=2",
        "sequelize": ">=6",
        "spel2js": ">=0.2.0"
      },
      "peerDependenciesMeta": {
        "@tanstack/db": { "optional": true },
        "@traqula/parser-sparql-1-2": { "optional": true },
        "chevrotain": { "optional": true },
        "drizzle-orm": { "optional": true },
        "json-logic-js": { "optional": true },
        "jsonata": { "optional": true },
        "sequelize": { "optional": true },
        "spel2js": { "optional": true }
      }
    },
    "node_modules/@ts-jison/common": {
      "version": "0.4.1-alpha.1",
      "resolved": "https://registry.npmjs.org/@ts-jison/common/-/common-0.4.1-alpha.1.tgz",
      "integrity": "sha512-SDbHzq+UMD+V3ciKVBHwCEgVqSeyQPTCjOsd/ZNTGySUVg4x3EauR9ZcEfdVFAsYRR38XWgDI+spq5LDY46KvQ==",
      "license": "MIT"
    },
    "node_modules/@ts-jison/lexer": {
      "version": "0.4.1-alpha.1",
      "resolved": "https://registry.npmjs.org/@ts-jison/lexer/-/lexer-0.4.1-alpha.1.tgz",
      "integrity": "sha512-5C1Wr+wixAzn2MOFtgy7KbT6N6j9mhmbjAtyvOqZKsikKtNOQj22MM5HxT+ooRexG2NbtxnDSXYdhHR1Lg58ow==",
      "license": "MIT",
      "dependencies": { "@ts-jison/common": "^0.4.1-alpha.1" }
    },
    "node_modules/@ts-jison/parser": {
      "version": "0.4.1-alpha.1",
      "resolved": "https://registry.npmjs.org/@ts-jison/parser/-/parser-0.4.1-alpha.1.tgz",
      "integrity": "sha512-xNj+qOez/7dju44LlYiTlCjxMzW5oek9EckUAElfln/GBK9vgMSk0swWcnacMr0TYbGjUQuXvL2wEgmDf5WajQ==",
      "license": "MIT",
      "dependencies": {
        "@ts-jison/common": "^0.4.1-alpha.1",
        "@ts-jison/lexer": "^0.4.1-alpha.1"
      }
    },
    "node_modules/@types/json-logic-js": {
      "version": "2.0.8",
      "resolved": "https://registry.npmjs.org/@types/json-logic-js/-/json-logic-js-2.0.8.tgz",
      "integrity": "sha512-WgNsDPuTPKYXl0Jh0IfoCoJoAGGYZt5qzpmjuLSEg7r0cKp/kWtWp0HAsVepyPSPyXiHo6uXp/B/kW/2J1fa2Q==",
      "license": "MIT"
    },
    "node_modules/immer": {
      "version": "11.1.17",
      "resolved": "https://registry.npmjs.org/immer/-/immer-11.1.17.tgz",
      "integrity": "sha512-8Vu44Y0MuMBlTQz/jQ8HEMYNq/bBqk87MnBwYR5mC8AthfhEXidZ5aT/oA/CUqboa8THKltnD9L3xyqhU/Sy1Q==",
      "license": "MIT",
      "funding": { "type": "opencollective", "url": "https://opencollective.com/immer" }
    },
    "node_modules/numeric-quantity": {
      "version": "3.2.2",
      "resolved": "https://registry.npmjs.org/numeric-quantity/-/numeric-quantity-3.2.2.tgz",
      "integrity": "sha512-qHc6mhIySaoqFYCM+foWY0DYYIT0ick1fI+MB9530gJ8XAPDExwXT8eyl3J+PWLIlZy0MCxSLobBjrggN9Z8EQ==",
      "license": "MIT",
      "engines": { "node": ">=16" }
    }
  }
}
