{
  "name": "electrocraft-m00-6-action-flow-rete",
  "version": "0.0.0",
  "lockfileVersion": 3,
  "requires": true,
  "packages": {
    "": {
      "name": "electrocraft-m00-6-action-flow-rete",
      "version": "0.0.0",
      "dependencies": {
        "rete": "2.0.6",
        "rete-area-plugin": "2.3.2",
        "rete-engine": "2.1.1",
        "rete-history-plugin": "2.1.1"
      },
      "engines": {
        "node": ">=22"
      }
    },
    "node_modules/@babel/runtime": {
      "version": "7.29.7",
      "resolved": "https://registry.npmjs.org/@babel/runtime/-/runtime-7.29.7.tgz",
      "integrity": "sha512-Nq8OhGWiZIZGV6hLHoyAKLLcJihP/xFeBMGJoUrxTX2psI8dCifzLhZISFb+VWS3wFMRDmCGw5R+dOySCqPLhw==",
      "license": "MIT",
      "engines": {
        "node": ">=6.9.0"
      }
    },
    "node_modules/rete": {
      "version": "2.0.6",
      "resolved": "https://registry.npmjs.org/rete/-/rete-2.0.6.tgz",
      "integrity": "sha512-kPmlKCGFES2VWtY7Y7SCB8ZeXRMsgX5deza9cu4OwmfM/ZUimd461kC3hRyccoyVxE4POlHUx0gg2jcGfusHFg==",
      "hasInstallScript": true,
      "license": "MIT",
      "dependencies": {
        "@babel/runtime": "^7.21.0"
      }
    },
    "node_modules/rete-area-plugin": {
      "version": "2.3.2",
      "resolved": "https://registry.npmjs.org/rete-area-plugin/-/rete-area-plugin-2.3.2.tgz",
      "integrity": "sha512-s7OrCz6xNwVl8EaJ7tXnJVQD9nbd+JAnf82qx/UDweRV86Q1qj2+nT8XkD5m1gSnvSZQqTlMptSiWUrouTEO+w==",
      "license": "MIT",
      "dependencies": {
        "@babel/runtime": "^7.21.0"
      },
      "peerDependencies": {
        "rete": "^2.0.0"
      }
    },
    "node_modules/rete-engine": {
      "version": "2.1.1",
      "resolved": "https://registry.npmjs.org/rete-engine/-/rete-engine-2.1.1.tgz",
      "integrity": "sha512-RrIQDQycD5QZlDYCG1FKu2GLOKTgeIPLxKefnTVoOk7xYAyzlQ4HhXRa+ldsGaFAZzQHOXPgbkqis9ZqSB36MA==",
      "license": "MIT",
      "dependencies": {
        "@babel/runtime": "^7.21.0"
      },
      "peerDependencies": {
        "rete": "^2.0.1"
      }
    },
    "node_modules/rete-history-plugin": {
      "version": "2.1.1",
      "resolved": "https://registry.npmjs.org/rete-history-plugin/-/rete-history-plugin-2.1.1.tgz",
      "integrity": "sha512-Kb2FF51qwl9axSVzusZDJ7ojksg0qPBY3CIhAusHxTLYzO5Di1Nu3cAzHUOHik6kcb3eZI+GYdfqaj/E8xggxQ==",
      "license": "MIT",
      "dependencies": {
        "@babel/runtime": "^7.21.0"
      },
      "peerDependencies": {
        "rete": "^2.0.1",
        "rete-area-plugin": "^2.0.0"
      }
    }
  }
}
